
Microsoft Visual Studio Solution File, Format Version 12.00
# Visual Studio Version 17
VisualStudioVersion = 17.4.33205.214
MinimumVisualStudioVersion = 10.0.40219.1
Project("{8BC9CEB8-8B4A-11D0-8D11-00A0C91BC942}") = "Smith-Waterman", "Smith-Waterman.vcxproj", "{682131AF-9E2B-40CE-B818-F90277F9B3D1}"
EndProject
Global
	GlobalSection(SolutionConfigurationPlatforms) = preSolution
		Debug|x64 = Debug|x64
		Debug|x86 = Debug|x86
		Release|x64 = Release|x64
		Release|x86 = Release|x86
	EndGlobalSection
	GlobalSection(ProjectConfigurationPlatforms) = postSolution
		{682131AF-9E2B-40CE-B818-F90277F9B3D1}.Debug|x64.ActiveCfg = Debug|x64
		{682131AF-9E2B-40CE-B818-F90277F9B3D1}.Debug|x64.Build.0 = Debug|x64
		{682131AF-9E2B-40CE-B818-F90277F9B3D1}.Debug|x86.ActiveCfg = Debug|Win32
		{682131AF-9E2B-40CE-B818-F90277F9B3D1}.Debug|x86.Build.0 = Debug|Win32
		{682131AF-9E2B-40CE-B818-F90277F9B3D1}.Release|x64.ActiveCfg = Release|x64
		{682131AF-9E2B-40CE-B818-F90277F9B3D1}.Release|x64.Build.0 = Release|x64
		{682131AF-9E2B-40CE-B818-F90277F9B3D1}.Release|x86.ActiveCfg = Release|Win32
		{682131AF-9E2B-40CE-B818-F90277F9B3D1}.Release|x86.Build.0 = Release|Win32
	EndGlobalSection
	GlobalSection(SolutionProperties) = preSolution
		HideSolutionNode = FALSE
	EndGlobalSection
	GlobalSection(ExtensibilityGlobals) = postSolution
		SolutionGuid = {F7BCDCFD-F1BE-428B-80CB-677007AD3FB0}
	EndGlobalSection
EndGlobal
